
Microsoft Visual Studio Solution File, Format Version 12.00
# Visual Studio Version 16
VisualStudioVersion = 16.0.30804.86
MinimumVisualStudioVersion = 10.0.40219.1
Project("{FAE04EC0-301F-11D3-BF4B-00C04F79EFBC}") = "BlazorMatchGame", "BlazorMatchGame\BlazorMatchGame.csproj", "{C400B5B9-35A4-4595-9463-C4D27575AD54}"
EndProject
Global
	GlobalSection(SolutionConfigurationPlatforms) = preSolution
		Debug|Any CPU = Debug|Any CPU
		Release|Any CPU = Release|Any CPU
	EndGlobalSection
	GlobalSection(ProjectConfigurationPlatforms) = postSolution
		{C400B5B9-35A4-4595-9463-C4D27575AD54}.Debug|Any CPU.ActiveCfg = Debug|Any CPU
		{C400B5B9-35A4-4595-9463-C4D27575AD54}.Debug|Any CPU.Build.0 = Debug|Any CPU
		{C400B5B9-35A4-4595-9463-C4D27575AD54}.Release|Any CPU.ActiveCfg = Release|Any CPU
		{C400B5B9-35A4-4595-9463-C4D27575AD54}.Release|Any CPU.Build.0 = Release|Any CPU
	EndGlobalSection
	GlobalSection(SolutionProperties) = preSolution
		HideSolutionNode = FALSE
	EndGlobalSection
	GlobalSection(ExtensibilityGlobals) = postSolution
		SolutionGuid = {C3031F43-3214-4CCE-A1E7-7BCDC5DB92C9}
	EndGlobalSection
EndGlobal
